
Microsoft Visual Studio Solution File, Format Version 10.00
# Visual Studio 2008
Project("{F184B08F-C81C-45F6-A57F-5ABD9991F28F}") = "utr_sim", "utr_sim\utr_sim.vbproj", "{9C2ECA5C-DE16-43F9-ABCB-4BBF904CDAAB}"
EndProject
Global
	GlobalSection(SolutionConfigurationPlatforms) = preSolution
		Debug|Any CPU = Debug|Any CPU
		Release|Any CPU = Release|Any CPU
	EndGlobalSection
	GlobalSection(ProjectConfigurationPlatforms) = postSolution
		{9C2ECA5C-DE16-43F9-ABCB-4BBF904CDAAB}.Debug|Any CPU.ActiveCfg = Debug|Any CPU
		{9C2ECA5C-DE16-43F9-ABCB-4BBF904CDAAB}.Debug|Any CPU.Build.0 = Debug|Any CPU
		{9C2ECA5C-DE16-43F9-ABCB-4BBF904CDAAB}.Release|Any CPU.ActiveCfg = Release|Any CPU
		{9C2ECA5C-DE16-43F9-ABCB-4BBF904CDAAB}.Release|Any CPU.Build.0 = Release|Any CPU
	EndGlobalSection
	GlobalSection(SolutionProperties) = preSolution
		HideSolutionNode = FALSE
	EndGlobalSection
EndGlobal
